{
  "originHash" : "09c6c00b7551040542c2d3337c1929ec0faa270f9eb37f9504342dcc6a09f944",
  "pins" : [
    {
      "identity" : "activityindicatorview",
      "kind" : "remoteSourceControl",
      "location" : "https://github.com/exyte/ActivityIndicatorView",
      "state" : {
        "revision" : "9970fd0bb7a05dad0b6566ae1f56937716686b24",
        "version" : "1.1.1"
      }
    },
    {
      "identity" : "anchoredpopup",
      "kind" : "remoteSourceControl",
      "location" : "https://github.com/exyte/AnchoredPopup.git",
      "state" : {
        "revision" : "dc2192cf7238793ccc52ff937c94e93da61c57cf",
        "version" : "1.0.2"
      }
    },
    {
      "identity" : "giphy-ios-sdk",
      "kind" : "remoteSourceControl",
      "location" : "https://github.com/Giphy/giphy-ios-sdk",
      "state" : {
        "revision" : "9a3970c258ef5cc005f9359ba4c6a344fe062abe",
        "version" : "2.2.15"
      }
    },
    {
      "identity" : "libwebp-xcode",
      "kind" : "remoteSourceControl",
      "location" : "https://github.com/SDWebImage/libwebp-Xcode",
      "state" : {
        "revision" : "0d60654eeefd5d7d2bef3835804892c40225e8b2",
        "version" : "1.5.0"
      }
    },
    {
      "identity" : "mediapicker",
      "kind" : "remoteSourceControl",
      "location" : "https://github.com/exyte/MediaPicker.git",
      "state" : {
        "revision" : "15f00080b41ed83c45148e5b43fce0c78f2356fa",
        "version" : "3.0.5"
      }
    }
  ],
  "version" : 3
}
