{
  "originHash" : "3a07ed4e87f802c2798a59562f159fa6ad631c758f2a7d878b77d59ebc05c3d7",
  "pins" : [
    {
      "identity" : "activityindicatorview",
      "kind" : "remoteSourceControl",
      "location" : "https://github.com/exyte/ActivityIndicatorView",
      "state" : {
        "revision" : "36140867802ae4a1d2b11490bcbbefe058001d14",
        "version" : "1.2.1"
      }
    },
    {
      "identity" : "anchoredpopup",
      "kind" : "remoteSourceControl",
      "location" : "https://github.com/ThanPD-iOS/AnchoredPopup.git",
      "state" : {
        "branch" : "main",
        "revision" : "f9263dcbd7a3b6e43d2f27bb8c5e7f46b737421f"
      }
    },
    {
      "identity" : "giphy-ios-sdk",
      "kind" : "remoteSourceControl",
      "location" : "https://github.com/Giphy/giphy-ios-sdk",
      "state" : {
        "revision" : "37f5b1ff6cf8bc4a78c0bc5eb1b814381bac9580",
        "version" : "2.2.16"
      }
    },
    {
      "identity" : "kingfisher",
      "kind" : "remoteSourceControl",
      "location" : "https://github.com/onevcat/Kingfisher",
      "state" : {
        "revision" : "4d75de347da985a70c63af4d799ed482021f6733",
        "version" : "8.6.1"
      }
    },
    {
      "identity" : "libwebp-xcode",
      "kind" : "remoteSourceControl",
      "location" : "https://github.com/SDWebImage/libwebp-Xcode",
      "state" : {
        "revision" : "0d60654eeefd5d7d2bef3835804892c40225e8b2",
        "version" : "1.5.0"
      }
    },
    {
      "identity" : "mediapicker",
      "kind" : "remoteSourceControl",
      "location" : "https://github.com/ThanPD-iOS/MediaPicker.git",
      "state" : {
        "branch" : "main",
        "revision" : "977e5017e13d94d6c7325bb0dc1bccb1708611aa"
      }
    }
  ],
  "version" : 3
}
