// !$*UTF8*$!
{
	archiveVersion = 1;
	classes = {
	};
	objectVersion = 55;
	objects = {

/* Begin PBXBuildFile section */
		1302738D283E44D00044F5D9 /* MessageView.swift in Sources */ = {isa = PBXBuildFile; fileRef = 1302738C283E44D00044F5D9 /* MessageView.swift */; };
		1302738F283E456F0044F5D9 /* InputView.swift in Sources */ = {isa = PBXBuildFile; fileRef = 1302738E283E456F0044F5D9 /* InputView.swift */; };
		1337F6B1285C3412005FEE50 /* Draft.swift in Sources */ = {isa = PBXBuildFile; fileRef = 1337F6B0285C3412005FEE50 /* Draft.swift */; };
		1357C12928617D3300F0EA01 /* VideoView.swift in Sources */ = {isa = PBXBuildFile; fileRef = 1357C12828617D3300F0EA01 /* VideoView.swift */; };
		1357C12B28617D3E00F0EA01 /* VideoViewModel.swift in Sources */ = {isa = PBXBuildFile; fileRef = 1357C12A28617D3E00F0EA01 /* VideoViewModel.swift */; };
		1379E0972840C2F2008D218B /* AssetsPicker in Frameworks */ = {isa = PBXBuildFile; productRef = 1379E0962840C2F2008D218B /* AssetsPicker */; };
		13905A212862DE0E0034043C /* AttachmentsPagesViewModel.swift in Sources */ = {isa = PBXBuildFile; fileRef = 13905A202862DE0E0034043C /* AttachmentsPagesViewModel.swift */; };
		13905A232862DE330034043C /* AttachmentsPages.swift in Sources */ = {isa = PBXBuildFile; fileRef = 13905A222862DE330034043C /* AttachmentsPages.swift */; };
		13905A262862E5590034043C /* AttachmentsEditor.swift in Sources */ = {isa = PBXBuildFile; fileRef = 13905A252862E5590034043C /* AttachmentsEditor.swift */; };
		13905A2828632B830034043C /* AVPlayer+State.swift in Sources */ = {isa = PBXBuildFile; fileRef = 13905A2728632B830034043C /* AVPlayer+State.swift */; };
		13AD59E12859C144009DE654 /* Colors.swift in Sources */ = {isa = PBXBuildFile; fileRef = 13AD59E02859C144009DE654 /* Colors.swift */; };
		13AD59E32859C7FF009DE654 /* Configuration.swift in Sources */ = {isa = PBXBuildFile; fileRef = 13AD59E22859C7FF009DE654 /* Configuration.swift */; };
		13AF033A285C488300EF4F1B /* TextInputView.swift in Sources */ = {isa = PBXBuildFile; fileRef = 13AF0339285C488300EF4F1B /* TextInputView.swift */; };
		13AF0346285C4A1700EF4F1B /* AttachmentCell.swift in Sources */ = {isa = PBXBuildFile; fileRef = 13AF0344285C4A1700EF4F1B /* AttachmentCell.swift */; };
		13AF0349285C4A1700EF4F1B /* AttachmentsGrid.swift in Sources */ = {isa = PBXBuildFile; fileRef = 13AF0343285C4A1700EF4F1B /* AttachmentsGrid.swift */; };
		13AF0350285C4B9600EF4F1B /* MessageContainer.swift in Sources */ = {isa = PBXBuildFile; fileRef = 13AF034F285C4B9600EF4F1B /* MessageContainer.swift */; };
		13AF0352285C4BF000EF4F1B /* User.swift in Sources */ = {isa = PBXBuildFile; fileRef = 13AF0351285C4BF000EF4F1B /* User.swift */; };
		13AF037F285C9C0B00EF4F1B /* MessageParser.swift in Sources */ = {isa = PBXBuildFile; fileRef = 13AF037E285C9C0B00EF4F1B /* MessageParser.swift */; };
		13BC42DD285AFC7E003BB495 /* Attachment.swift in Sources */ = {isa = PBXBuildFile; fileRef = 13BC42DB285AFC7E003BB495 /* Attachment.swift */; };
		13BC42DE285AFC7E003BB495 /* Message.swift in Sources */ = {isa = PBXBuildFile; fileRef = 13BC42DC285AFC7E003BB495 /* Message.swift */; };
		13BC9A9B2860834800675DD9 /* AttachmentsPage.swift in Sources */ = {isa = PBXBuildFile; fileRef = 13BC9A9A2860834800675DD9 /* AttachmentsPage.swift */; };
		13BC9A9D2860844D00675DD9 /* AttachmentsFullscreenState.swift in Sources */ = {isa = PBXBuildFile; fileRef = 13BC9A9C2860844D00675DD9 /* AttachmentsFullscreenState.swift */; };
		13C432E3286048110094E66B /* DraftComposeState.swift in Sources */ = {isa = PBXBuildFile; fileRef = 13C432E2286048110094E66B /* DraftComposeState.swift */; };
		13C432E6286064A30094E66B /* ChatViewModel.swift in Sources */ = {isa = PBXBuildFile; fileRef = 13C432E5286064A30094E66B /* ChatViewModel.swift */; };
		13C432E9286065890094E66B /* InputViewModel.swift in Sources */ = {isa = PBXBuildFile; fileRef = 13C432E8286065890094E66B /* InputViewModel.swift */; };
		13C432EB28606E180094E66B /* SizeGetter.swift in Sources */ = {isa = PBXBuildFile; fileRef = 13C432EA28606E180094E66B /* SizeGetter.swift */; };
		5B41BFED28324C7100B181D8 /* Introspect in Frameworks */ = {isa = PBXBuildFile; productRef = 5B41BFEC28324C7100B181D8 /* Introspect */; };
		5B846A70281004E1005835BB /* ChatApp.swift in Sources */ = {isa = PBXBuildFile; fileRef = 5B846A6F281004E1005835BB /* ChatApp.swift */; };
		5B846A72281004E1005835BB /* ExampleView.swift in Sources */ = {isa = PBXBuildFile; fileRef = 5B846A71281004E1005835BB /* ExampleView.swift */; };
		5B846A74281004E2005835BB /* Assets.xcassets in Resources */ = {isa = PBXBuildFile; fileRef = 5B846A73281004E2005835BB /* Assets.xcassets */; };
		5B846A77281004E2005835BB /* Preview Assets.xcassets in Resources */ = {isa = PBXBuildFile; fileRef = 5B846A76281004E2005835BB /* Preview Assets.xcassets */; };
		5B846A802810070C005835BB /* ChatView.swift in Sources */ = {isa = PBXBuildFile; fileRef = 5B846A7F2810070C005835BB /* ChatView.swift */; };
		5B846A8228101CC1005835BB /* Color+Hex.swift in Sources */ = {isa = PBXBuildFile; fileRef = 5B846A8128101CC1005835BB /* Color+Hex.swift */; };
/* End PBXBuildFile section */

/* Begin PBXFileReference section */
		1302738C283E44D00044F5D9 /* MessageView.swift */ = {isa = PBXFileReference; fileEncoding = 4; lastKnownFileType = sourcecode.swift; path = MessageView.swift; sourceTree = "<group>"; };
		1302738E283E456F0044F5D9 /* InputView.swift */ = {isa = PBXFileReference; lastKnownFileType = sourcecode.swift; path = InputView.swift; sourceTree = "<group>"; };
		1337F6B0285C3412005FEE50 /* Draft.swift */ = {isa = PBXFileReference; lastKnownFileType = sourcecode.swift; path = Draft.swift; sourceTree = "<group>"; };
		1357C12828617D3300F0EA01 /* VideoView.swift */ = {isa = PBXFileReference; lastKnownFileType = sourcecode.swift; path = VideoView.swift; sourceTree = "<group>"; };
		1357C12A28617D3E00F0EA01 /* VideoViewModel.swift */ = {isa = PBXFileReference; lastKnownFileType = sourcecode.swift; path = VideoViewModel.swift; sourceTree = "<group>"; };
		1379E0942840C1B1008D218B /* AssetsPicker */ = {isa = PBXFileReference; lastKnownFileType = wrapper; name = AssetsPicker; path = Components/AssetsPicker; sourceTree = "<group>"; };
		1379E0992840CE21008D218B /* README.md */ = {isa = PBXFileReference; lastKnownFileType = net.daringfireball.markdown; path = README.md; sourceTree = "<group>"; };
		1379E09A2840CE21008D218B /* .gitignore */ = {isa = PBXFileReference; lastKnownFileType = text; path = .gitignore; sourceTree = "<group>"; };
		13905A202862DE0E0034043C /* AttachmentsPagesViewModel.swift */ = {isa = PBXFileReference; lastKnownFileType = sourcecode.swift; path = AttachmentsPagesViewModel.swift; sourceTree = "<group>"; };
		13905A222862DE330034043C /* AttachmentsPages.swift */ = {isa = PBXFileReference; lastKnownFileType = sourcecode.swift; path = AttachmentsPages.swift; sourceTree = "<group>"; };
		13905A252862E5590034043C /* AttachmentsEditor.swift */ = {isa = PBXFileReference; lastKnownFileType = sourcecode.swift; path = AttachmentsEditor.swift; sourceTree = "<group>"; };
		13905A2728632B830034043C /* AVPlayer+State.swift */ = {isa = PBXFileReference; lastKnownFileType = sourcecode.swift; path = "AVPlayer+State.swift"; sourceTree = "<group>"; };
		13AD59E02859C144009DE654 /* Colors.swift */ = {isa = PBXFileReference; lastKnownFileType = sourcecode.swift; path = Colors.swift; sourceTree = "<group>"; };
		13AD59E22859C7FF009DE654 /* Configuration.swift */ = {isa = PBXFileReference; lastKnownFileType = sourcecode.swift; path = Configuration.swift; sourceTree = "<group>"; };
		13AF0339285C488300EF4F1B /* TextInputView.swift */ = {isa = PBXFileReference; lastKnownFileType = sourcecode.swift; path = TextInputView.swift; sourceTree = "<group>"; };
		13AF0343285C4A1700EF4F1B /* AttachmentsGrid.swift */ = {isa = PBXFileReference; lastKnownFileType = sourcecode.swift; path = AttachmentsGrid.swift; sourceTree = "<group>"; };
		13AF0344285C4A1700EF4F1B /* AttachmentCell.swift */ = {isa = PBXFileReference; lastKnownFileType = sourcecode.swift; path = AttachmentCell.swift; sourceTree = "<group>"; };
		13AF034F285C4B9600EF4F1B /* MessageContainer.swift */ = {isa = PBXFileReference; lastKnownFileType = sourcecode.swift; path = MessageContainer.swift; sourceTree = "<group>"; };
		13AF0351285C4BF000EF4F1B /* User.swift */ = {isa = PBXFileReference; lastKnownFileType = sourcecode.swift; path = User.swift; sourceTree = "<group>"; };
		13AF037E285C9C0B00EF4F1B /* MessageParser.swift */ = {isa = PBXFileReference; lastKnownFileType = sourcecode.swift; path = MessageParser.swift; sourceTree = "<group>"; };
		13BC42D8285AF9FD003BB495 /* Attachment.swift */ = {isa = PBXFileReference; lastKnownFileType = sourcecode.swift; path = Attachment.swift; sourceTree = "<group>"; };
		13BC42DB285AFC7E003BB495 /* Attachment.swift */ = {isa = PBXFileReference; fileEncoding = 4; lastKnownFileType = sourcecode.swift; path = Attachment.swift; sourceTree = "<group>"; };
		13BC42DC285AFC7E003BB495 /* Message.swift */ = {isa = PBXFileReference; fileEncoding = 4; lastKnownFileType = sourcecode.swift; path = Message.swift; sourceTree = "<group>"; };
		13BC9A9A2860834800675DD9 /* AttachmentsPage.swift */ = {isa = PBXFileReference; lastKnownFileType = sourcecode.swift; path = AttachmentsPage.swift; sourceTree = "<group>"; };
		13BC9A9C2860844D00675DD9 /* AttachmentsFullscreenState.swift */ = {isa = PBXFileReference; lastKnownFileType = sourcecode.swift; path = AttachmentsFullscreenState.swift; sourceTree = "<group>"; };
		13C432E2286048110094E66B /* DraftComposeState.swift */ = {isa = PBXFileReference; lastKnownFileType = sourcecode.swift; path = DraftComposeState.swift; sourceTree = "<group>"; };
		13C432E5286064A30094E66B /* ChatViewModel.swift */ = {isa = PBXFileReference; lastKnownFileType = sourcecode.swift; path = ChatViewModel.swift; sourceTree = "<group>"; };
		13C432E8286065890094E66B /* InputViewModel.swift */ = {isa = PBXFileReference; lastKnownFileType = sourcecode.swift; path = InputViewModel.swift; sourceTree = "<group>"; };
		13C432EA28606E180094E66B /* SizeGetter.swift */ = {isa = PBXFileReference; lastKnownFileType = sourcecode.swift; path = SizeGetter.swift; sourceTree = "<group>"; };
		5B846A6C281004E1005835BB /* Chat.app */ = {isa = PBXFileReference; explicitFileType = wrapper.application; includeInIndex = 0; path = Chat.app; sourceTree = BUILT_PRODUCTS_DIR; };
		5B846A6F281004E1005835BB /* ChatApp.swift */ = {isa = PBXFileReference; lastKnownFileType = sourcecode.swift; path = ChatApp.swift; sourceTree = "<group>"; };
		5B846A71281004E1005835BB /* ExampleView.swift */ = {isa = PBXFileReference; lastKnownFileType = sourcecode.swift; path = ExampleView.swift; sourceTree = "<group>"; };
		5B846A73281004E2005835BB /* Assets.xcassets */ = {isa = PBXFileReference; lastKnownFileType = folder.assetcatalog; path = Assets.xcassets; sourceTree = "<group>"; };
		5B846A76281004E2005835BB /* Preview Assets.xcassets */ = {isa = PBXFileReference; lastKnownFileType = folder.assetcatalog; path = "Preview Assets.xcassets"; sourceTree = "<group>"; };
		5B846A7D281005ED005835BB /* Message.swift */ = {isa = PBXFileReference; lastKnownFileType = sourcecode.swift; path = Message.swift; sourceTree = "<group>"; };
		5B846A7F2810070C005835BB /* ChatView.swift */ = {isa = PBXFileReference; lastKnownFileType = sourcecode.swift; path = ChatView.swift; sourceTree = "<group>"; };
		5B846A8128101CC1005835BB /* Color+Hex.swift */ = {isa = PBXFileReference; lastKnownFileType = sourcecode.swift; path = "Color+Hex.swift"; sourceTree = "<group>"; };
/* End PBXFileReference section */

/* Begin PBXFrameworksBuildPhase section */
		5B846A69281004E1005835BB /* Frameworks */ = {
			isa = PBXFrameworksBuildPhase;
			buildActionMask = 2147483647;
			files = (
				5B41BFED28324C7100B181D8 /* Introspect in Frameworks */,
				1379E0972840C2F2008D218B /* AssetsPicker in Frameworks */,
			);
			runOnlyForDeploymentPostprocessing = 0;
		};
/* End PBXFrameworksBuildPhase section */

/* Begin PBXGroup section */
		1357C12728617D1C00F0EA01 /* Video */ = {
			isa = PBXGroup;
			children = (
				1357C12828617D3300F0EA01 /* VideoView.swift */,
				1357C12A28617D3E00F0EA01 /* VideoViewModel.swift */,
			);
			path = Video;
			sourceTree = "<group>";
		};
		1379E0932840C1B1008D218B /* Packages */ = {
			isa = PBXGroup;
			children = (
				1379E0942840C1B1008D218B /* AssetsPicker */,
			);
			name = Packages;
			sourceTree = "<group>";
		};
		1379E0952840C2F2008D218B /* Frameworks */ = {
			isa = PBXGroup;
			children = (
			);
			name = Frameworks;
			sourceTree = "<group>";
		};
		1379E0982840CDF5008D218B /* Files */ = {
			isa = PBXGroup;
			children = (
				1379E09A2840CE21008D218B /* .gitignore */,
				1379E0992840CE21008D218B /* README.md */,
			);
			name = Files;
			sourceTree = "<group>";
		};
		13905A242862E53D0034043C /* AttachmentsEditor */ = {
			isa = PBXGroup;
			children = (
				13905A252862E5590034043C /* AttachmentsEditor.swift */,
			);
			path = AttachmentsEditor;
			sourceTree = "<group>";
		};
		1394047228478DAD0062D4CF /* Presentation */ = {
			isa = PBXGroup;
			children = (
				13AF0340285C49FC00EF4F1B /* Page */,
				13AF033E285C49C800EF4F1B /* View */,
			);
			path = Presentation;
			sourceTree = "<group>";
		};
		13AD59DF2859C137009DE654 /* Data */ = {
			isa = PBXGroup;
			children = (
				13AF033D285C49AA00EF4F1B /* Config */,
				13AF033C285C499B00EF4F1B /* Model */,
			);
			path = Data;
			sourceTree = "<group>";
		};
		13AD59E42859D5BC009DE654 /* Attachments */ = {
			isa = PBXGroup;
			children = (
				13BC9A9A2860834800675DD9 /* AttachmentsPage.swift */,
				13905A202862DE0E0034043C /* AttachmentsPagesViewModel.swift */,
				13905A222862DE330034043C /* AttachmentsPages.swift */,
			);
			path = Attachments;
			sourceTree = "<group>";
		};
		13AF033B285C497300EF4F1B /* Extensions */ = {
			isa = PBXGroup;
			children = (
				5B846A8128101CC1005835BB /* Color+Hex.swift */,
				13C432EA28606E180094E66B /* SizeGetter.swift */,
				13905A2728632B830034043C /* AVPlayer+State.swift */,
			);
			path = Extensions;
			sourceTree = "<group>";
		};
		13AF033C285C499B00EF4F1B /* Model */ = {
			isa = PBXGroup;
			children = (
				13BC42DB285AFC7E003BB495 /* Attachment.swift */,
				13BC42DC285AFC7E003BB495 /* Message.swift */,
				1337F6B0285C3412005FEE50 /* Draft.swift */,
				13AF0351285C4BF000EF4F1B /* User.swift */,
			);
			path = Model;
			sourceTree = "<group>";
		};
		13AF033D285C49AA00EF4F1B /* Config */ = {
			isa = PBXGroup;
			children = (
				13AD59E02859C144009DE654 /* Colors.swift */,
				13AD59E22859C7FF009DE654 /* Configuration.swift */,
				13AF037E285C9C0B00EF4F1B /* MessageParser.swift */,
			);
			path = Config;
			sourceTree = "<group>";
		};
		13AF033E285C49C800EF4F1B /* View */ = {
			isa = PBXGroup;
			children = (
				1357C12728617D1C00F0EA01 /* Video */,
				13C432E7286065750094E66B /* Input */,
				13AF034E285C4B8500EF4F1B /* Message */,
				13AF0341285C4A1700EF4F1B /* Attachments */,
				13AF0339285C488300EF4F1B /* TextInputView.swift */,
			);
			path = View;
			sourceTree = "<group>";
		};
		13AF0340285C49FC00EF4F1B /* Page */ = {
			isa = PBXGroup;
			children = (
				13AD59E42859D5BC009DE654 /* Attachments */,
				13905A242862E53D0034043C /* AttachmentsEditor */,
				13C432E42860649A0094E66B /* Chat */,
			);
			path = Page;
			sourceTree = "<group>";
		};
		13AF0341285C4A1700EF4F1B /* Attachments */ = {
			isa = PBXGroup;
			children = (
				13AF0343285C4A1700EF4F1B /* AttachmentsGrid.swift */,
				13AF0344285C4A1700EF4F1B /* AttachmentCell.swift */,
			);
			path = Attachments;
			sourceTree = "<group>";
		};
		13AF034A285C4A6200EF4F1B /* Support Files */ = {
			isa = PBXGroup;
			children = (
				5B846A73281004E2005835BB /* Assets.xcassets */,
				5B846A75281004E2005835BB /* Preview Content */,
			);
			name = "Support Files";
			sourceTree = "<group>";
		};
		13AF034B285C4AB100EF4F1B /* Example */ = {
			isa = PBXGroup;
			children = (
				5B846A71281004E1005835BB /* ExampleView.swift */,
			);
			path = Example;
			sourceTree = "<group>";
		};
		13AF034C285C4AC600EF4F1B /* Application */ = {
			isa = PBXGroup;
			children = (
				5B846A6F281004E1005835BB /* ChatApp.swift */,
			);
			path = Application;
			sourceTree = "<group>";
		};
		13AF034E285C4B8500EF4F1B /* Message */ = {
			isa = PBXGroup;
			children = (
				1302738C283E44D00044F5D9 /* MessageView.swift */,
				13AF034F285C4B9600EF4F1B /* MessageContainer.swift */,
			);
			path = Message;
			sourceTree = "<group>";
		};
		13BC42DA285AFC67003BB495 /* Recovered References */ = {
			isa = PBXGroup;
			children = (
				5B846A7D281005ED005835BB /* Message.swift */,
				13BC42D8285AF9FD003BB495 /* Attachment.swift */,
			);
			name = "Recovered References";
			sourceTree = "<group>";
		};
		13C432E1286047F90094E66B /* Service */ = {
			isa = PBXGroup;
			children = (
				13C432E2286048110094E66B /* DraftComposeState.swift */,
				13BC9A9C2860844D00675DD9 /* AttachmentsFullscreenState.swift */,
			);
			path = Service;
			sourceTree = "<group>";
		};
		13C432E42860649A0094E66B /* Chat */ = {
			isa = PBXGroup;
			children = (
				5B846A7F2810070C005835BB /* ChatView.swift */,
				13C432E5286064A30094E66B /* ChatViewModel.swift */,
			);
			path = Chat;
			sourceTree = "<group>";
		};
		13C432E7286065750094E66B /* Input */ = {
			isa = PBXGroup;
			children = (
				1302738E283E456F0044F5D9 /* InputView.swift */,
				13C432E8286065890094E66B /* InputViewModel.swift */,
			);
			path = Input;
			sourceTree = "<group>";
		};
		5B846A63281004E1005835BB = {
			isa = PBXGroup;
			children = (
				1379E0982840CDF5008D218B /* Files */,
				1379E0932840C1B1008D218B /* Packages */,
				5B846A6E281004E1005835BB /* Chat */,
				5B846A6D281004E1005835BB /* Products */,
				1379E0952840C2F2008D218B /* Frameworks */,
				13BC42DA285AFC67003BB495 /* Recovered References */,
			);
			sourceTree = "<group>";
		};
		5B846A6D281004E1005835BB /* Products */ = {
			isa = PBXGroup;
			children = (
				5B846A6C281004E1005835BB /* Chat.app */,
			);
			name = Products;
			sourceTree = "<group>";
		};
		5B846A6E281004E1005835BB /* Chat */ = {
			isa = PBXGroup;
			children = (
				13AF034C285C4AC600EF4F1B /* Application */,
				13AD59DF2859C137009DE654 /* Data */,
				13AF034B285C4AB100EF4F1B /* Example */,
				13AF033B285C497300EF4F1B /* Extensions */,
				1394047228478DAD0062D4CF /* Presentation */,
				13C432E1286047F90094E66B /* Service */,
				13AF034A285C4A6200EF4F1B /* Support Files */,
			);
			path = Chat;
			sourceTree = "<group>";
		};
		5B846A75281004E2005835BB /* Preview Content */ = {
			isa = PBXGroup;
			children = (
				5B846A76281004E2005835BB /* Preview Assets.xcassets */,
			);
			path = "Preview Content";
			sourceTree = "<group>";
		};
/* End PBXGroup section */

/* Begin PBXNativeTarget section */
		5B846A6B281004E1005835BB /* Chat */ = {
			isa = PBXNativeTarget;
			buildConfigurationList = 5B846A7A281004E2005835BB /* Build configuration list for PBXNativeTarget "Chat" */;
			buildPhases = (
				5B846A68281004E1005835BB /* Sources */,
				5B846A69281004E1005835BB /* Frameworks */,
				5B846A6A281004E1005835BB /* Resources */,
			);
			buildRules = (
			);
			dependencies = (
			);
			name = Chat;
			packageProductDependencies = (
				5B41BFEC28324C7100B181D8 /* Introspect */,
				1379E0962840C2F2008D218B /* AssetsPicker */,
			);
			productName = Chat;
			productReference = 5B846A6C281004E1005835BB /* Chat.app */;
			productType = "com.apple.product-type.application";
		};
/* End PBXNativeTarget section */

/* Begin PBXProject section */
		5B846A64281004E1005835BB /* Project object */ = {
			isa = PBXProject;
			attributes = {
				BuildIndependentTargetsInParallel = 1;
				LastSwiftUpdateCheck = 1330;
				LastUpgradeCheck = 1330;
				TargetAttributes = {
					5B846A6B281004E1005835BB = {
						CreatedOnToolsVersion = 13.3;
					};
				};
			};
			buildConfigurationList = 5B846A67281004E1005835BB /* Build configuration list for PBXProject "Chat" */;
			compatibilityVersion = "Xcode 13.0";
			developmentRegion = en;
			hasScannedForEncodings = 0;
			knownRegions = (
				en,
				Base,
			);
			mainGroup = 5B846A63281004E1005835BB;
			packageReferences = (
				5B41BFEB28324C7100B181D8 /* XCRemoteSwiftPackageReference "SwiftUI-Introspect" */,
			);
			productRefGroup = 5B846A6D281004E1005835BB /* Products */;
			projectDirPath = "";
			projectRoot = "";
			targets = (
				5B846A6B281004E1005835BB /* Chat */,
			);
		};
/* End PBXProject section */

/* Begin PBXResourcesBuildPhase section */
		5B846A6A281004E1005835BB /* Resources */ = {
			isa = PBXResourcesBuildPhase;
			buildActionMask = 2147483647;
			files = (
				5B846A77281004E2005835BB /* Preview Assets.xcassets in Resources */,
				5B846A74281004E2005835BB /* Assets.xcassets in Resources */,
			);
			runOnlyForDeploymentPostprocessing = 0;
		};
/* End PBXResourcesBuildPhase section */

/* Begin PBXSourcesBuildPhase section */
		5B846A68281004E1005835BB /* Sources */ = {
			isa = PBXSourcesBuildPhase;
			buildActionMask = 2147483647;
			files = (
				13AF0352285C4BF000EF4F1B /* User.swift in Sources */,
				13BC9A9B2860834800675DD9 /* AttachmentsPage.swift in Sources */,
				13905A2828632B830034043C /* AVPlayer+State.swift in Sources */,
				13C432EB28606E180094E66B /* SizeGetter.swift in Sources */,
				13905A232862DE330034043C /* AttachmentsPages.swift in Sources */,
				5B846A802810070C005835BB /* ChatView.swift in Sources */,
				1337F6B1285C3412005FEE50 /* Draft.swift in Sources */,
				13AF033A285C488300EF4F1B /* TextInputView.swift in Sources */,
				13AD59E12859C144009DE654 /* Colors.swift in Sources */,
				5B846A72281004E1005835BB /* ExampleView.swift in Sources */,
				1357C12928617D3300F0EA01 /* VideoView.swift in Sources */,
				13BC42DD285AFC7E003BB495 /* Attachment.swift in Sources */,
				13905A212862DE0E0034043C /* AttachmentsPagesViewModel.swift in Sources */,
				13AF0346285C4A1700EF4F1B /* AttachmentCell.swift in Sources */,
				13AF037F285C9C0B00EF4F1B /* MessageParser.swift in Sources */,
				1302738D283E44D00044F5D9 /* MessageView.swift in Sources */,
				1357C12B28617D3E00F0EA01 /* VideoViewModel.swift in Sources */,
				5B846A8228101CC1005835BB /* Color+Hex.swift in Sources */,
				13C432E3286048110094E66B /* DraftComposeState.swift in Sources */,
				13AD59E32859C7FF009DE654 /* Configuration.swift in Sources */,
				13BC9A9D2860844D00675DD9 /* AttachmentsFullscreenState.swift in Sources */,
				13905A262862E5590034043C /* AttachmentsEditor.swift in Sources */,
				1302738F283E456F0044F5D9 /* InputView.swift in Sources */,
				5B846A70281004E1005835BB /* ChatApp.swift in Sources */,
				13AF0349285C4A1700EF4F1B /* AttachmentsGrid.swift in Sources */,
				13AF0350285C4B9600EF4F1B /* MessageContainer.swift in Sources */,
				13BC42DE285AFC7E003BB495 /* Message.swift in Sources */,
				13C432E6286064A30094E66B /* ChatViewModel.swift in Sources */,
				13C432E9286065890094E66B /* InputViewModel.swift in Sources */,
			);
			runOnlyForDeploymentPostprocessing = 0;
		};
/* End PBXSourcesBuildPhase section */

/* Begin XCBuildConfiguration section */
		5B846A78281004E2005835BB /* Debug */ = {
			isa = XCBuildConfiguration;
			buildSettings = {
				ALWAYS_SEARCH_USER_PATHS = NO;
				CLANG_ANALYZER_NONNULL = YES;
				CLANG_ANALYZER_NUMBER_OBJECT_CONVERSION = YES_AGGRESSIVE;
				CLANG_CXX_LANGUAGE_STANDARD = "gnu++17";
				CLANG_ENABLE_MODULES = YES;
				CLANG_ENABLE_OBJC_ARC = YES;
				CLANG_ENABLE_OBJC_WEAK = YES;
				CLANG_WARN_BLOCK_CAPTURE_AUTORELEASING = YES;
				CLANG_WARN_BOOL_CONVERSION = YES;
				CLANG_WARN_COMMA = YES;
				CLANG_WARN_CONSTANT_CONVERSION = YES;
				CLANG_WARN_DEPRECATED_OBJC_IMPLEMENTATIONS = YES;
				CLANG_WARN_DIRECT_OBJC_ISA_USAGE = YES_ERROR;
				CLANG_WARN_DOCUMENTATION_COMMENTS = YES;
				CLANG_WARN_EMPTY_BODY = YES;
				CLANG_WARN_ENUM_CONVERSION = YES;
				CLANG_WARN_INFINITE_RECURSION = YES;
				CLANG_WARN_INT_CONVERSION = YES;
				CLANG_WARN_NON_LITERAL_NULL_CONVERSION = YES;
				CLANG_WARN_OBJC_IMPLICIT_RETAIN_SELF = YES;
				CLANG_WARN_OBJC_LITERAL_CONVERSION = YES;
				CLANG_WARN_OBJC_ROOT_CLASS = YES_ERROR;
				CLANG_WARN_QUOTED_INCLUDE_IN_FRAMEWORK_HEADER = YES;
				CLANG_WARN_RANGE_LOOP_ANALYSIS = YES;
				CLANG_WARN_STRICT_PROTOTYPES = YES;
				CLANG_WARN_SUSPICIOUS_MOVE = YES;
				CLANG_WARN_UNGUARDED_AVAILABILITY = YES_AGGRESSIVE;
				CLANG_WARN_UNREACHABLE_CODE = YES;
				CLANG_WARN__DUPLICATE_METHOD_MATCH = YES;
				COPY_PHASE_STRIP = NO;
				DEBUG_INFORMATION_FORMAT = dwarf;
				ENABLE_STRICT_OBJC_MSGSEND = YES;
				ENABLE_TESTABILITY = YES;
				GCC_C_LANGUAGE_STANDARD = gnu11;
				GCC_DYNAMIC_NO_PIC = NO;
				GCC_NO_COMMON_BLOCKS = YES;
				GCC_OPTIMIZATION_LEVEL = 0;
				GCC_PREPROCESSOR_DEFINITIONS = (
					"DEBUG=1",
					"$(inherited)",
				);
				GCC_WARN_64_TO_32_BIT_CONVERSION = YES;
				GCC_WARN_ABOUT_RETURN_TYPE = YES_ERROR;
				GCC_WARN_UNDECLARED_SELECTOR = YES;
				GCC_WARN_UNINITIALIZED_AUTOS = YES_AGGRESSIVE;
				GCC_WARN_UNUSED_FUNCTION = YES;
				GCC_WARN_UNUSED_VARIABLE = YES;
				IPHONEOS_DEPLOYMENT_TARGET = 15.0;
				MTL_ENABLE_DEBUG_INFO = INCLUDE_SOURCE;
				MTL_FAST_MATH = YES;
				ONLY_ACTIVE_ARCH = YES;
				SDKROOT = iphoneos;
				SWIFT_ACTIVE_COMPILATION_CONDITIONS = DEBUG;
				SWIFT_OPTIMIZATION_LEVEL = "-Onone";
			};
			name = Debug;
		};
		5B846A79281004E2005835BB /* Release */ = {
			isa = XCBuildConfiguration;
			buildSettings = {
				ALWAYS_SEARCH_USER_PATHS = NO;
				CLANG_ANALYZER_NONNULL = YES;
				CLANG_ANALYZER_NUMBER_OBJECT_CONVERSION = YES_AGGRESSIVE;
				CLANG_CXX_LANGUAGE_STANDARD = "gnu++17";
				CLANG_ENABLE_MODULES = YES;
				CLANG_ENABLE_OBJC_ARC = YES;
				CLANG_ENABLE_OBJC_WEAK = YES;
				CLANG_WARN_BLOCK_CAPTURE_AUTORELEASING = YES;
				CLANG_WARN_BOOL_CONVERSION = YES;
				CLANG_WARN_COMMA = YES;
				CLANG_WARN_CONSTANT_CONVERSION = YES;
				CLANG_WARN_DEPRECATED_OBJC_IMPLEMENTATIONS = YES;
				CLANG_WARN_DIRECT_OBJC_ISA_USAGE = YES_ERROR;
				CLANG_WARN_DOCUMENTATION_COMMENTS = YES;
				CLANG_WARN_EMPTY_BODY = YES;
				CLANG_WARN_ENUM_CONVERSION = YES;
				CLANG_WARN_INFINITE_RECURSION = YES;
				CLANG_WARN_INT_CONVERSION = YES;
				CLANG_WARN_NON_LITERAL_NULL_CONVERSION = YES;
				CLANG_WARN_OBJC_IMPLICIT_RETAIN_SELF = YES;
				CLANG_WARN_OBJC_LITERAL_CONVERSION = YES;
				CLANG_WARN_OBJC_ROOT_CLASS = YES_ERROR;
				CLANG_WARN_QUOTED_INCLUDE_IN_FRAMEWORK_HEADER = YES;
				CLANG_WARN_RANGE_LOOP_ANALYSIS = YES;
				CLANG_WARN_STRICT_PROTOTYPES = YES;
				CLANG_WARN_SUSPICIOUS_MOVE = YES;
				CLANG_WARN_UNGUARDED_AVAILABILITY = YES_AGGRESSIVE;
				CLANG_WARN_UNREACHABLE_CODE = YES;
				CLANG_WARN__DUPLICATE_METHOD_MATCH = YES;
				COPY_PHASE_STRIP = NO;
				DEBUG_INFORMATION_FORMAT = "dwarf-with-dsym";
				ENABLE_NS_ASSERTIONS = NO;
				ENABLE_STRICT_OBJC_MSGSEND = YES;
				GCC_C_LANGUAGE_STANDARD = gnu11;
				GCC_NO_COMMON_BLOCKS = YES;
				GCC_WARN_64_TO_32_BIT_CONVERSION = YES;
				GCC_WARN_ABOUT_RETURN_TYPE = YES_ERROR;
				GCC_WARN_UNDECLARED_SELECTOR = YES;
				GCC_WARN_UNINITIALIZED_AUTOS = YES_AGGRESSIVE;
				GCC_WARN_UNUSED_FUNCTION = YES;
				GCC_WARN_UNUSED_VARIABLE = YES;
				IPHONEOS_DEPLOYMENT_TARGET = 15.0;
				MTL_ENABLE_DEBUG_INFO = NO;
				MTL_FAST_MATH = YES;
				SDKROOT = iphoneos;
				SWIFT_COMPILATION_MODE = wholemodule;
				SWIFT_OPTIMIZATION_LEVEL = "-O";
				VALIDATE_PRODUCT = YES;
			};
			name = Release;
		};
		5B846A7B281004E2005835BB /* Debug */ = {
			isa = XCBuildConfiguration;
			buildSettings = {
				ASSETCATALOG_COMPILER_APPICON_NAME = AppIcon;
				ASSETCATALOG_COMPILER_GLOBAL_ACCENT_COLOR_NAME = AccentColor;
				CODE_SIGN_STYLE = Automatic;
				CURRENT_PROJECT_VERSION = 1;
				DEVELOPMENT_ASSET_PATHS = "\"Chat/Preview Content\"";
				DEVELOPMENT_TEAM = FZXCM5CJ7P;
				ENABLE_PREVIEWS = YES;
				GENERATE_INFOPLIST_FILE = YES;
				INFOPLIST_FILE = Chat/Info.plist;
				INFOPLIST_KEY_NSCameraUsageDescription = "";
				INFOPLIST_KEY_NSPhotoLibraryUsageDescription = "";
				INFOPLIST_KEY_UIApplicationSupportsIndirectInputEvents = YES;
				INFOPLIST_KEY_UILaunchScreen_Generation = YES;
				INFOPLIST_KEY_UISupportedInterfaceOrientations_iPad = "UIInterfaceOrientationPortrait UIInterfaceOrientationPortraitUpsideDown UIInterfaceOrientationLandscapeLeft UIInterfaceOrientationLandscapeRight";
				INFOPLIST_KEY_UISupportedInterfaceOrientations_iPhone = "UIInterfaceOrientationPortrait UIInterfaceOrientationLandscapeLeft UIInterfaceOrientationLandscapeRight";
				IPHONEOS_DEPLOYMENT_TARGET = 16.0;
				LD_RUNPATH_SEARCH_PATHS = (
					"$(inherited)",
					"@executable_path/Frameworks",
				);
				MARKETING_VERSION = 1.0;
				PRODUCT_BUNDLE_IDENTIFIER = com.exyte.Chat;
				PRODUCT_NAME = "$(TARGET_NAME)";
				SWIFT_EMIT_LOC_STRINGS = YES;
				SWIFT_VERSION = 5.0;
				TARGETED_DEVICE_FAMILY = "1,2";
			};
			name = Debug;
		};
		5B846A7C281004E2005835BB /* Release */ = {
			isa = XCBuildConfiguration;
			buildSettings = {
				ASSETCATALOG_COMPILER_APPICON_NAME = AppIcon;
				ASSETCATALOG_COMPILER_GLOBAL_ACCENT_COLOR_NAME = AccentColor;
				CODE_SIGN_STYLE = Automatic;
				CURRENT_PROJECT_VERSION = 1;
				DEVELOPMENT_ASSET_PATHS = "\"Chat/Preview Content\"";
				DEVELOPMENT_TEAM = FZXCM5CJ7P;
				ENABLE_PREVIEWS = YES;
				GENERATE_INFOPLIST_FILE = YES;
				INFOPLIST_FILE = Chat/Info.plist;
				INFOPLIST_KEY_NSCameraUsageDescription = "";
				INFOPLIST_KEY_NSPhotoLibraryUsageDescription = "";
				INFOPLIST_KEY_UIApplicationSupportsIndirectInputEvents = YES;
				INFOPLIST_KEY_UILaunchScreen_Generation = YES;
				INFOPLIST_KEY_UISupportedInterfaceOrientations_iPad = "UIInterfaceOrientationPortrait UIInterfaceOrientationPortraitUpsideDown UIInterfaceOrientationLandscapeLeft UIInterfaceOrientationLandscapeRight";
				INFOPLIST_KEY_UISupportedInterfaceOrientations_iPhone = "UIInterfaceOrientationPortrait UIInterfaceOrientationLandscapeLeft UIInterfaceOrientationLandscapeRight";
				IPHONEOS_DEPLOYMENT_TARGET = 16.0;
				LD_RUNPATH_SEARCH_PATHS = (
					"$(inherited)",
					"@executable_path/Frameworks",
				);
				MARKETING_VERSION = 1.0;
				PRODUCT_BUNDLE_IDENTIFIER = com.exyte.Chat;
				PRODUCT_NAME = "$(TARGET_NAME)";
				SWIFT_EMIT_LOC_STRINGS = YES;
				SWIFT_VERSION = 5.0;
				TARGETED_DEVICE_FAMILY = "1,2";
			};
			name = Release;
		};
/* End XCBuildConfiguration section */

/* Begin XCConfigurationList section */
		5B846A67281004E1005835BB /* Build configuration list for PBXProject "Chat" */ = {
			isa = XCConfigurationList;
			buildConfigurations = (
				5B846A78281004E2005835BB /* Debug */,
				5B846A79281004E2005835BB /* Release */,
			);
			defaultConfigurationIsVisible = 0;
			defaultConfigurationName = Release;
		};
		5B846A7A281004E2005835BB /* Build configuration list for PBXNativeTarget "Chat" */ = {
			isa = XCConfigurationList;
			buildConfigurations = (
				5B846A7B281004E2005835BB /* Debug */,
				5B846A7C281004E2005835BB /* Release */,
			);
			defaultConfigurationIsVisible = 0;
			defaultConfigurationName = Release;
		};
/* End XCConfigurationList section */

/* Begin XCRemoteSwiftPackageReference section */
		5B41BFEB28324C7100B181D8 /* XCRemoteSwiftPackageReference "SwiftUI-Introspect" */ = {
			isa = XCRemoteSwiftPackageReference;
			repositoryURL = "https://github.com/siteline/SwiftUI-Introspect";
			requirement = {
				branch = master;
				kind = branch;
			};
		};
/* End XCRemoteSwiftPackageReference section */

/* Begin XCSwiftPackageProductDependency section */
		1379E0962840C2F2008D218B /* AssetsPicker */ = {
			isa = XCSwiftPackageProductDependency;
			productName = AssetsPicker;
		};
		5B41BFEC28324C7100B181D8 /* Introspect */ = {
			isa = XCSwiftPackageProductDependency;
			package = 5B41BFEB28324C7100B181D8 /* XCRemoteSwiftPackageReference "SwiftUI-Introspect" */;
			productName = Introspect;
		};
/* End XCSwiftPackageProductDependency section */
	};
	rootObject = 5B846A64281004E1005835BB /* Project object */;
}
